
Microsoft Visual Studio Solution File, Format Version 12.00
# Visual Studio Version 16
VisualStudioVersion = 16.0.31321.278
MinimumVisualStudioVersion = 10.0.40219.1
Project("{FAE04EC0-301F-11D3-BF4B-00C04F79EFBC}") = "Planeterne OOP", "Planeterne OOP\Planeterne OOP.csproj", "{7DD5EEDA-DC9B-45AB-AD76-10FD1CC1FE5C}"
EndProject
Global
	GlobalSection(SolutionConfigurationPlatforms) = preSolution
		Debug|Any CPU = Debug|Any CPU
		Release|Any CPU = Release|Any CPU
	EndGlobalSection
	GlobalSection(ProjectConfigurationPlatforms) = postSolution
		{7DD5EEDA-DC9B-45AB-AD76-10FD1CC1FE5C}.Debug|Any CPU.ActiveCfg = Debug|Any CPU
		{7DD5EEDA-DC9B-45AB-AD76-10FD1CC1FE5C}.Debug|Any CPU.Build.0 = Debug|Any CPU
		{7DD5EEDA-DC9B-45AB-AD76-10FD1CC1FE5C}.Release|Any CPU.ActiveCfg = Release|Any CPU
		{7DD5EEDA-DC9B-45AB-AD76-10FD1CC1FE5C}.Release|Any CPU.Build.0 = Release|Any CPU
	EndGlobalSection
	GlobalSection(SolutionProperties) = preSolution
		HideSolutionNode = FALSE
	EndGlobalSection
	GlobalSection(ExtensibilityGlobals) = postSolution
		SolutionGuid = {21FE424C-E984-4B1D-9C7C-5383099944C0}
	EndGlobalSection
EndGlobal
